{
  "name": "sketchy-calendar",
  "version": "0.0.0",
  "lockfileVersion": 3,
  "requires": true,
  "packages": {
    "": {
      "name": "sketchy-calendar",
      "version": "0.0.0",
      "dependencies": {
        "@automerge/automerge": "2.2.9-alpha.4",
        "@automerge/automerge-repo": "2.0.0-alpha.27",
        "@automerge/automerge-repo-network-websocket": "2.0.0-alpha.27",
        "@automerge/automerge-repo-react-hooks": "2.0.0-alpha.27",
        "@automerge/automerge-repo-storage-indexeddb": "2.0.0-alpha.27",
        "react": "^18.3.1"
      },
      "devDependencies": {
        "@patchwork/sdk": "file:../patchwork/sdk",
        "@swc/core": "^1.3.107",
        "@types/gapi": "^0.0.47",
        "@types/gapi.client.calendar-v3": "^0.0.4",
        "@types/google.accounts": "^0.0.15",
        "@types/react": "^19.1.2",
        "nodemon": "^3.1.10",
        "typescript": "~5.6.2",
        "vite": "^6.3.3",
        "vite-plugin-top-level-await": "^1.5.0",
        "vite-plugin-wasm": "^3.4.1",
        "vite-tsconfig-paths": "^5.1.4"
      }
    },
    "../patchwork/sdk": {
      "dev": true
    },
    "node_modules/@automerge/automerge": {
      "version": "2.2.9-alpha.4",
      "resolved": "https://registry.npmjs.org/@automerge/automerge/-/automerge-2.2.9-alpha.4.tgz",
      "integrity": "sha512-5zkZJhpFugcLUwrRZBxOSQwom0ZDvDR6zOFlbkIjO35HzPuwLu2+gF8uEEgTvLpmT5HZquUTIYi0Xf5cSEGJwA==",
      "dependencies": {
        "uuid": "^9.0.0"
      }
    },
    "node_modules/@automerge/automerge-repo": {
      "version": "2.0.0-alpha.27",
      "resolved": "https://registry.npmjs.org/@automerge/automerge-repo/-/automerge-repo-2.0.0-alpha.27.tgz",
      "integrity": "sha512-sL67zlBL3id4B2fy+RQasfVTyRx+C4v5m4ij5xsMr1WZAwNmZKy2med/7owV+EGff7gOaZhAI3JRiACjD5Q9ug==",
      "dependencies": {
        "@automerge/automerge": "^2.2.8",
        "bs58check": "^3.0.1",
        "cbor-x": "^1.3.0",
        "debug": "^4.3.4",
        "eventemitter3": "^5.0.1",
        "fast-sha256": "^1.3.0",
        "uuid": "^9.0.0",
        "xstate": "^5.9.1"
      }
    },
    "node_modules/@automerge/automerge-repo-network-websocket": {
      "version": "2.0.0-alpha.27",
      "resolved": "https://registry.npmjs.org/@automerge/automerge-repo-network-websocket/-/automerge-repo-network-websocket-2.0.0-alpha.27.tgz",
      "integrity": "sha512-Ebm4DBY3BNMbuMcEmNN/+iWLbb2R4Mp1cNsq8pkXLD6k4QgmhaPXQ9FMgPh40mx8HZmEtZ/YGpFD4nDyxG0fMw==",
      "dependencies": {
        "@automerge/automerge-repo": "2.0.0-alpha.27",
        "cbor-x": "^1.3.0",
        "debug": "^4.3.4",
        "eventemitter3": "^5.0.1",
        "isomorphic-ws": "^5.0.0",
        "ws": "^8.7.0"
      }
    },
    "node_modules/@automerge/automerge-repo-react-hooks": {
      "version": "2.0.0-alpha.27",
      "resolved": "https://registry.npmjs.org/@automerge/automerge-repo-react-hooks/-/automerge-repo-react-hooks-2.0.0-alpha.27.tgz",
      "integrity": "sha512-VdwsIeNwfFrs9ZsmnSrifY5o9Ycy3bvbC1rzr+2w/lg/T51V07D6ABO+MWVlBOYXEc8tv8pgwvHxJJW0FM3xZA==",
      "dependencies": {
        "@automerge/automerge": "^2.2.8",
        "@automerge/automerge-repo": "2.0.0-alpha.27",
        "eventemitter3": "^5.0.1",
        "react": "^18.3.0",
        "react-dom": "^18.3.0",
        "react-usestateref": "^1.0.8"
      },
      "peerDependencies": {
        "react": ">18.3.0",
        "react-dom": ">18.3.0"
      }
    },
    "node_modules/@automerge/automerge-repo-react-hooks/node_modules/@automerge/automerge": {
      "version": "2.2.9",
      "resolved": "https://registry.npmjs.org/@automerge/automerge/-/automerge-2.2.9.tgz",
      "integrity": "sha512-6HM52Ops79hAQBWMg/t0MNfGOdEiXyenQjO9F1hKZq0RWDsMLpPa1SzRy/C4/4UyX67sTHuA5CwBpH34SpfZlA==",
      "dependencies": {
        "uuid": "^9.0.0"
      }
    },
    "node_modules/@automerge/automerge-repo-storage-indexeddb": {
      "version": "2.0.0-alpha.27",
      "resolved": "https://registry.npmjs.org/@automerge/automerge-repo-storage-indexeddb/-/automerge-repo-storage-indexeddb-2.0.0-alpha.27.tgz",
      "integrity": "sha512-qHbAzV7jprYqe9aI/Gx9eAic6TimiIGmw61OKScdr57eDQbCGYzr/o+j/noKn/HFrM9u5NLZe0hccE5Lq+WWzQ==",
      "dependencies": {
        "@automerge/automerge-repo": "2.0.0-alpha.27"
      }
    },
    "node_modules/@automerge/automerge-repo/node_modules/@automerge/automerge": {
      "version": "2.2.9",
      "resolved": "https://registry.npmjs.org/@automerge/automerge/-/automerge-2.2.9.tgz",
      "integrity": "sha512-6HM52Ops79hAQBWMg/t0MNfGOdEiXyenQjO9F1hKZq0RWDsMLpPa1SzRy/C4/4UyX67sTHuA5CwBpH34SpfZlA==",
      "dependencies": {
        "uuid": "^9.0.0"
      }
    },
    "node_modules/@cbor-extract/cbor-extract-darwin-x64": {
      "version": "2.2.0",
      "cpu": [
        "x64"
      ],
      "license": "MIT",
      "optional": true,
      "os": [
        "darwin"
      ]
    },
    "node_modules/@esbuild/darwin-x64": {
      "version": "0.25.3",
      "cpu": [
        "x64"
      ],
      "dev": true,
      "license": "MIT",
      "optional": true,
      "os": [
        "darwin"
      ],
      "engines": {
        "node": ">=18"
      }
    },
    "node_modules/@maxim_mazurok/gapi.client.calendar-v3": {
      "version": "0.0.20250424",
      "resolved": "https://registry.npmjs.org/@maxim_mazurok/gapi.client.calendar-v3/-/gapi.client.calendar-v3-0.0.20250424.tgz",
      "integrity": "sha512-fKLgDNiusmlqQNmfVrDdKK3dc1TWphlmgEEOB+//MM9qfNqVsaz2e1gA8gOL1bOSpYp3a4tdcBpsoTbKLOmYvw==",
      "dev": true,
      "dependencies": {
        "@types/gapi.client": "*",
        "@types/gapi.client.discovery-v1": "*"
      }
    },
    "node_modules/@maxim_mazurok/gapi.client.discovery-v1": {
      "version": "0.1.20200806",
      "resolved": "https://registry.npmjs.org/@maxim_mazurok/gapi.client.discovery-v1/-/gapi.client.discovery-v1-0.1.20200806.tgz",
      "integrity": "sha512-Wl6UfmZVDdWbY3PUu8E2ULk9RPLjnMqp/iOA4tcK8Ne+U/GmlnWP/e34IaZNGArfl7iXJNOG+/3Rj9L9jQyF9Q==",
      "dev": true,
      "dependencies": {
        "@types/gapi.client": "*",
        "@types/gapi.client.discovery-v1": "*"
      }
    },
    "node_modules/@noble/hashes": {
      "version": "1.8.0",
      "license": "MIT",
      "engines": {
        "node": "^14.21.3 || >=16"
      },
      "funding": {
        "url": "https://paulmillr.com/funding/"
      }
    },
    "node_modules/@patchwork/sdk": {
      "resolved": "../patchwork/sdk",
      "link": true
    },
    "node_modules/@rollup/plugin-virtual": {
      "version": "3.0.2",
      "dev": true,
      "license": "MIT",
      "engines": {
        "node": ">=14.0.0"
      },
      "peerDependencies": {
        "rollup": "^1.20.0||^2.0.0||^3.0.0||^4.0.0"
      },
      "peerDependenciesMeta": {
        "rollup": {
          "optional": true
        }
      }
    },
    "node_modules/@rollup/rollup-darwin-x64": {
      "version": "4.40.1",
      "cpu": [
        "x64"
      ],
      "dev": true,
      "license": "MIT",
      "optional": true,
      "os": [
        "darwin"
      ]
    },
    "node_modules/@swc/core": {
      "version": "1.11.24",
      "dev": true,
      "hasInstallScript": true,
      "license": "Apache-2.0",
      "dependencies": {
        "@swc/counter": "^0.1.3",
        "@swc/types": "^0.1.21"
      },
      "engines": {
        "node": ">=10"
      },
      "funding": {
        "type": "opencollective",
        "url": "https://opencollective.com/swc"
      },
      "optionalDependencies": {
        "@swc/core-darwin-arm64": "1.11.24",
        "@swc/core-darwin-x64": "1.11.24",
        "@swc/core-linux-arm-gnueabihf": "1.11.24",
        "@swc/core-linux-arm64-gnu": "1.11.24",
        "@swc/core-linux-arm64-musl": "1.11.24",
        "@swc/core-linux-x64-gnu": "1.11.24",
        "@swc/core-linux-x64-musl": "1.11.24",
        "@swc/core-win32-arm64-msvc": "1.11.24",
        "@swc/core-win32-ia32-msvc": "1.11.24",
        "@swc/core-win32-x64-msvc": "1.11.24"
      },
      "peerDependencies": {
        "@swc/helpers": ">=0.5.17"
      },
      "peerDependenciesMeta": {
        "@swc/helpers": {
          "optional": true
        }
      }
    },
    "node_modules/@swc/core-darwin-x64": {
      "version": "1.11.24",
      "cpu": [
        "x64"
      ],
      "dev": true,
      "license": "Apache-2.0 AND MIT",
      "optional": true,
      "os": [
        "darwin"
      ],
      "engines": {
        "node": ">=10"
      }
    },
    "node_modules/@swc/counter": {
      "version": "0.1.3",
      "dev": true,
      "license": "Apache-2.0"
    },
    "node_modules/@swc/types": {
      "version": "0.1.21",
      "dev": true,
      "license": "Apache-2.0",
      "dependencies": {
        "@swc/counter": "^0.1.3"
      }
    },
    "node_modules/@types/estree": {
      "version": "1.0.7",
      "dev": true,
      "license": "MIT"
    },
    "node_modules/@types/gapi": {
      "version": "0.0.47",
      "dev": true,
      "license": "MIT"
    },
    "node_modules/@types/gapi.client": {
      "version": "1.0.8",
      "dev": true,
      "license": "MIT"
    },
    "node_modules/@types/gapi.client.calendar-v3": {
      "version": "0.0.4",
      "dev": true,
      "license": "MIT",
      "dependencies": {
        "@maxim_mazurok/gapi.client.calendar-v3": "latest"
      }
    },
    "node_modules/@types/gapi.client.discovery-v1": {
      "version": "0.0.4",
      "dev": true,
      "license": "MIT",
      "dependencies": {
        "@maxim_mazurok/gapi.client.discovery-v1": "latest"
      }
    },
    "node_modules/@types/google.accounts": {
      "version": "0.0.15",
      "dev": true,
      "license": "MIT"
    },
    "node_modules/@types/node": {
      "version": "22.15.3",
      "dev": true,
      "license": "MIT",
      "optional": true,
      "peer": true,
      "dependencies": {
        "undici-types": "~6.21.0"
      }
    },
    "node_modules/@types/react": {
      "version": "19.1.2",
      "dev": true,
      "license": "MIT",
      "dependencies": {
        "csstype": "^3.0.2"
      }
    },
    "node_modules/anymatch": {
      "version": "3.1.3",
      "dev": true,
      "license": "ISC",
      "dependencies": {
        "normalize-path": "^3.0.0",
        "picomatch": "^2.0.4"
      },
      "engines": {
        "node": ">= 8"
      }
    },
    "node_modules/anymatch/node_modules/picomatch": {
      "version": "2.3.1",
      "dev": true,
      "license": "MIT",
      "engines": {
        "node": ">=8.6"
      },
      "funding": {
        "url": "https://github.com/sponsors/jonschlinkert"
      }
    },
    "node_modules/balanced-match": {
      "version": "1.0.2",
      "dev": true,
      "license": "MIT"
    },
    "node_modules/base-x": {
      "version": "4.0.1",
      "license": "MIT"
    },
    "node_modules/binary-extensions": {
      "version": "2.3.0",
      "dev": true,
      "license": "MIT",
      "engines": {
        "node": ">=8"
      },
      "funding": {
        "url": "https://github.com/sponsors/sindresorhus"
      }
    },
    "node_modules/brace-expansion": {
      "version": "1.1.11",
      "dev": true,
      "license": "MIT",
      "dependencies": {
        "balanced-match": "^1.0.0",
        "concat-map": "0.0.1"
      }
    },
    "node_modules/braces": {
      "version": "3.0.3",
      "dev": true,
      "license": "MIT",
      "dependencies": {
        "fill-range": "^7.1.1"
      },
      "engines": {
        "node": ">=8"
      }
    },
    "node_modules/bs58": {
      "version": "5.0.0",
      "license": "MIT",
      "dependencies": {
        "base-x": "^4.0.0"
      }
    },
    "node_modules/bs58check": {
      "version": "3.0.1",
      "license": "MIT",
      "dependencies": {
        "@noble/hashes": "^1.2.0",
        "bs58": "^5.0.0"
      }
    },
    "node_modules/cbor-extract": {
      "version": "2.2.0",
      "hasInstallScript": true,
      "license": "MIT",
      "optional": true,
      "dependencies": {
        "node-gyp-build-optional-packages": "5.1.1"
      },
      "bin": {
        "download-cbor-prebuilds": "bin/download-prebuilds.js"
      },
      "optionalDependencies": {
        "@cbor-extract/cbor-extract-darwin-arm64": "2.2.0",
        "@cbor-extract/cbor-extract-darwin-x64": "2.2.0",
        "@cbor-extract/cbor-extract-linux-arm": "2.2.0",
        "@cbor-extract/cbor-extract-linux-arm64": "2.2.0",
        "@cbor-extract/cbor-extract-linux-x64": "2.2.0",
        "@cbor-extract/cbor-extract-win32-x64": "2.2.0"
      }
    },
    "node_modules/cbor-x": {
      "version": "1.6.0",
      "license": "MIT",
      "optionalDependencies": {
        "cbor-extract": "^2.2.0"
      }
    },
    "node_modules/chokidar": {
      "version": "3.6.0",
      "dev": true,
      "license": "MIT",
      "dependencies": {
        "anymatch": "~3.1.2",
        "braces": "~3.0.2",
        "glob-parent": "~5.1.2",
        "is-binary-path": "~2.1.0",
        "is-glob": "~4.0.1",
        "normalize-path": "~3.0.0",
        "readdirp": "~3.6.0"
      },
      "engines": {
        "node": ">= 8.10.0"
      },
      "funding": {
        "url": "https://paulmillr.com/funding/"
      },
      "optionalDependencies": {
        "fsevents": "~2.3.2"
      }
    },
    "node_modules/concat-map": {
      "version": "0.0.1",
      "dev": true,
      "license": "MIT"
    },
    "node_modules/csstype": {
      "version": "3.1.3",
      "dev": true,
      "license": "MIT"
    },
    "node_modules/debug": {
      "version": "4.4.0",
      "license": "MIT",
      "dependencies": {
        "ms": "^2.1.3"
      },
      "engines": {
        "node": ">=6.0"
      },
      "peerDependenciesMeta": {
        "supports-color": {
          "optional": true
        }
      }
    },
    "node_modules/detect-libc": {
      "version": "2.0.4",
      "license": "Apache-2.0",
      "optional": true,
      "engines": {
        "node": ">=8"
      }
    },
    "node_modules/esbuild": {
      "version": "0.25.3",
      "dev": true,
      "hasInstallScript": true,
      "license": "MIT",
      "bin": {
        "esbuild": "bin/esbuild"
      },
      "engines": {
        "node": ">=18"
      },
      "optionalDependencies": {
        "@esbuild/aix-ppc64": "0.25.3",
        "@esbuild/android-arm": "0.25.3",
        "@esbuild/android-arm64": "0.25.3",
        "@esbuild/android-x64": "0.25.3",
        "@esbuild/darwin-arm64": "0.25.3",
        "@esbuild/darwin-x64": "0.25.3",
        "@esbuild/freebsd-arm64": "0.25.3",
        "@esbuild/freebsd-x64": "0.25.3",
        "@esbuild/linux-arm": "0.25.3",
        "@esbuild/linux-arm64": "0.25.3",
        "@esbuild/linux-ia32": "0.25.3",
        "@esbuild/linux-loong64": "0.25.3",
        "@esbuild/linux-mips64el": "0.25.3",
        "@esbuild/linux-ppc64": "0.25.3",
        "@esbuild/linux-riscv64": "0.25.3",
        "@esbuild/linux-s390x": "0.25.3",
        "@esbuild/linux-x64": "0.25.3",
        "@esbuild/netbsd-arm64": "0.25.3",
        "@esbuild/netbsd-x64": "0.25.3",
        "@esbuild/openbsd-arm64": "0.25.3",
        "@esbuild/openbsd-x64": "0.25.3",
        "@esbuild/sunos-x64": "0.25.3",
        "@esbuild/win32-arm64": "0.25.3",
        "@esbuild/win32-ia32": "0.25.3",
        "@esbuild/win32-x64": "0.25.3"
      }
    },
    "node_modules/eventemitter3": {
      "version": "5.0.1",
      "license": "MIT"
    },
    "node_modules/fast-sha256": {
      "version": "1.3.0",
      "license": "Unlicense"
    },
    "node_modules/fdir": {
      "version": "6.4.4",
      "dev": true,
      "license": "MIT",
      "peerDependencies": {
        "picomatch": "^3 || ^4"
      },
      "peerDependenciesMeta": {
        "picomatch": {
          "optional": true
        }
      }
    },
    "node_modules/fill-range": {
      "version": "7.1.1",
      "dev": true,
      "license": "MIT",
      "dependencies": {
        "to-regex-range": "^5.0.1"
      },
      "engines": {
        "node": ">=8"
      }
    },
    "node_modules/fsevents": {
      "version": "2.3.3",
      "dev": true,
      "license": "MIT",
      "optional": true,
      "os": [
        "darwin"
      ],
      "engines": {
        "node": "^8.16.0 || ^10.6.0 || >=11.0.0"
      }
    },
    "node_modules/glob-parent": {
      "version": "5.1.2",
      "dev": true,
      "license": "ISC",
      "dependencies": {
        "is-glob": "^4.0.1"
      },
      "engines": {
        "node": ">= 6"
      }
    },
    "node_modules/globrex": {
      "version": "0.1.2",
      "dev": true,
      "license": "MIT"
    },
    "node_modules/has-flag": {
      "version": "3.0.0",
      "dev": true,
      "license": "MIT",
      "engines": {
        "node": ">=4"
      }
    },
    "node_modules/ignore-by-default": {
      "version": "1.0.1",
      "dev": true,
      "license": "ISC"
    },
    "node_modules/is-binary-path": {
      "version": "2.1.0",
      "dev": true,
      "license": "MIT",
      "dependencies": {
        "binary-extensions": "^2.0.0"
      },
      "engines": {
        "node": ">=8"
      }
    },
    "node_modules/is-extglob": {
      "version": "2.1.1",
      "dev": true,
      "license": "MIT",
      "engines": {
        "node": ">=0.10.0"
      }
    },
    "node_modules/is-glob": {
      "version": "4.0.3",
      "dev": true,
      "license": "MIT",
      "dependencies": {
        "is-extglob": "^2.1.1"
      },
      "engines": {
        "node": ">=0.10.0"
      }
    },
    "node_modules/is-number": {
      "version": "7.0.0",
      "dev": true,
      "license": "MIT",
      "engines": {
        "node": ">=0.12.0"
      }
    },
    "node_modules/isomorphic-ws": {
      "version": "5.0.0",
      "license": "MIT",
      "peerDependencies": {
        "ws": "*"
      }
    },
    "node_modules/js-tokens": {
      "version": "4.0.0",
      "license": "MIT"
    },
    "node_modules/loose-envify": {
      "version": "1.4.0",
      "license": "MIT",
      "dependencies": {
        "js-tokens": "^3.0.0 || ^4.0.0"
      },
      "bin": {
        "loose-envify": "cli.js"
      }
    },
    "node_modules/minimatch": {
      "version": "3.1.2",
      "dev": true,
      "license": "ISC",
      "dependencies": {
        "brace-expansion": "^1.1.7"
      },
      "engines": {
        "node": "*"
      }
    },
    "node_modules/ms": {
      "version": "2.1.3",
      "license": "MIT"
    },
    "node_modules/nanoid": {
      "version": "3.3.11",
      "dev": true,
      "funding": [
        {
          "type": "github",
          "url": "https://github.com/sponsors/ai"
        }
      ],
      "license": "MIT",
      "bin": {
        "nanoid": "bin/nanoid.cjs"
      },
      "engines": {
        "node": "^10 || ^12 || ^13.7 || ^14 || >=15.0.1"
      }
    },
    "node_modules/node-gyp-build-optional-packages": {
      "version": "5.1.1",
      "license": "MIT",
      "optional": true,
      "dependencies": {
        "detect-libc": "^2.0.1"
      },
      "bin": {
        "node-gyp-build-optional-packages": "bin.js",
        "node-gyp-build-optional-packages-optional": "optional.js",
        "node-gyp-build-optional-packages-test": "build-test.js"
      }
    },
    "node_modules/nodemon": {
      "version": "3.1.10",
      "dev": true,
      "license": "MIT",
      "dependencies": {
        "chokidar": "^3.5.2",
        "debug": "^4",
        "ignore-by-default": "^1.0.1",
        "minimatch": "^3.1.2",
        "pstree.remy": "^1.1.8",
        "semver": "^7.5.3",
        "simple-update-notifier": "^2.0.0",
        "supports-color": "^5.5.0",
        "touch": "^3.1.0",
        "undefsafe": "^2.0.5"
      },
      "bin": {
        "nodemon": "bin/nodemon.js"
      },
      "engines": {
        "node": ">=10"
      },
      "funding": {
        "type": "opencollective",
        "url": "https://opencollective.com/nodemon"
      }
    },
    "node_modules/normalize-path": {
      "version": "3.0.0",
      "dev": true,
      "license": "MIT",
      "engines": {
        "node": ">=0.10.0"
      }
    },
    "node_modules/picocolors": {
      "version": "1.1.1",
      "dev": true,
      "license": "ISC"
    },
    "node_modules/picomatch": {
      "version": "4.0.2",
      "dev": true,
      "license": "MIT",
      "engines": {
        "node": ">=12"
      },
      "funding": {
        "url": "https://github.com/sponsors/jonschlinkert"
      }
    },
    "node_modules/postcss": {
      "version": "8.5.3",
      "dev": true,
      "funding": [
        {
          "type": "opencollective",
          "url": "https://opencollective.com/postcss/"
        },
        {
          "type": "tidelift",
          "url": "https://tidelift.com/funding/github/npm/postcss"
        },
        {
          "type": "github",
          "url": "https://github.com/sponsors/ai"
        }
      ],
      "license": "MIT",
      "dependencies": {
        "nanoid": "^3.3.8",
        "picocolors": "^1.1.1",
        "source-map-js": "^1.2.1"
      },
      "engines": {
        "node": "^10 || ^12 || >=14"
      }
    },
    "node_modules/pstree.remy": {
      "version": "1.1.8",
      "dev": true,
      "license": "MIT"
    },
    "node_modules/react": {
      "version": "18.3.1",
      "license": "MIT",
      "dependencies": {
        "loose-envify": "^1.1.0"
      },
      "engines": {
        "node": ">=0.10.0"
      }
    },
    "node_modules/react-dom": {
      "version": "18.3.1",
      "license": "MIT",
      "dependencies": {
        "loose-envify": "^1.1.0",
        "scheduler": "^0.23.2"
      },
      "peerDependencies": {
        "react": "^18.3.1"
      }
    },
    "node_modules/react-usestateref": {
      "version": "1.0.9",
      "license": "ISC",
      "peerDependencies": {
        "react": ">16.0.0"
      }
    },
    "node_modules/readdirp": {
      "version": "3.6.0",
      "dev": true,
      "license": "MIT",
      "dependencies": {
        "picomatch": "^2.2.1"
      },
      "engines": {
        "node": ">=8.10.0"
      }
    },
    "node_modules/readdirp/node_modules/picomatch": {
      "version": "2.3.1",
      "dev": true,
      "license": "MIT",
      "engines": {
        "node": ">=8.6"
      },
      "funding": {
        "url": "https://github.com/sponsors/jonschlinkert"
      }
    },
    "node_modules/rollup": {
      "version": "4.40.1",
      "dev": true,
      "license": "MIT",
      "dependencies": {
        "@types/estree": "1.0.7"
      },
      "bin": {
        "rollup": "dist/bin/rollup"
      },
      "engines": {
        "node": ">=18.0.0",
        "npm": ">=8.0.0"
      },
      "optionalDependencies": {
        "@rollup/rollup-android-arm-eabi": "4.40.1",
        "@rollup/rollup-android-arm64": "4.40.1",
        "@rollup/rollup-darwin-arm64": "4.40.1",
        "@rollup/rollup-darwin-x64": "4.40.1",
        "@rollup/rollup-freebsd-arm64": "4.40.1",
        "@rollup/rollup-freebsd-x64": "4.40.1",
        "@rollup/rollup-linux-arm-gnueabihf": "4.40.1",
        "@rollup/rollup-linux-arm-musleabihf": "4.40.1",
        "@rollup/rollup-linux-arm64-gnu": "4.40.1",
        "@rollup/rollup-linux-arm64-musl": "4.40.1",
        "@rollup/rollup-linux-loongarch64-gnu": "4.40.1",
        "@rollup/rollup-linux-powerpc64le-gnu": "4.40.1",
        "@rollup/rollup-linux-riscv64-gnu": "4.40.1",
        "@rollup/rollup-linux-riscv64-musl": "4.40.1",
        "@rollup/rollup-linux-s390x-gnu": "4.40.1",
        "@rollup/rollup-linux-x64-gnu": "4.40.1",
        "@rollup/rollup-linux-x64-musl": "4.40.1",
        "@rollup/rollup-win32-arm64-msvc": "4.40.1",
        "@rollup/rollup-win32-ia32-msvc": "4.40.1",
        "@rollup/rollup-win32-x64-msvc": "4.40.1",
        "fsevents": "~2.3.2"
      }
    },
    "node_modules/scheduler": {
      "version": "0.23.2",
      "license": "MIT",
      "dependencies": {
        "loose-envify": "^1.1.0"
      }
    },
    "node_modules/semver": {
      "version": "7.7.1",
      "dev": true,
      "license": "ISC",
      "bin": {
        "semver": "bin/semver.js"
      },
      "engines": {
        "node": ">=10"
      }
    },
    "node_modules/simple-update-notifier": {
      "version": "2.0.0",
      "dev": true,
      "license": "MIT",
      "dependencies": {
        "semver": "^7.5.3"
      },
      "engines": {
        "node": ">=10"
      }
    },
    "node_modules/source-map-js": {
      "version": "1.2.1",
      "dev": true,
      "license": "BSD-3-Clause",
      "engines": {
        "node": ">=0.10.0"
      }
    },
    "node_modules/supports-color": {
      "version": "5.5.0",
      "dev": true,
      "license": "MIT",
      "dependencies": {
        "has-flag": "^3.0.0"
      },
      "engines": {
        "node": ">=4"
      }
    },
    "node_modules/tinyglobby": {
      "version": "0.2.13",
      "dev": true,
      "license": "MIT",
      "dependencies": {
        "fdir": "^6.4.4",
        "picomatch": "^4.0.2"
      },
      "engines": {
        "node": ">=12.0.0"
      },
      "funding": {
        "url": "https://github.com/sponsors/SuperchupuDev"
      }
    },
    "node_modules/to-regex-range": {
      "version": "5.0.1",
      "dev": true,
      "license": "MIT",
      "dependencies": {
        "is-number": "^7.0.0"
      },
      "engines": {
        "node": ">=8.0"
      }
    },
    "node_modules/touch": {
      "version": "3.1.1",
      "dev": true,
      "license": "ISC",
      "bin": {
        "nodetouch": "bin/nodetouch.js"
      }
    },
    "node_modules/tsconfck": {
      "version": "3.1.5",
      "dev": true,
      "license": "MIT",
      "bin": {
        "tsconfck": "bin/tsconfck.js"
      },
      "engines": {
        "node": "^18 || >=20"
      },
      "peerDependencies": {
        "typescript": "^5.0.0"
      },
      "peerDependenciesMeta": {
        "typescript": {
          "optional": true
        }
      }
    },
    "node_modules/typescript": {
      "version": "5.6.3",
      "dev": true,
      "license": "Apache-2.0",
      "bin": {
        "tsc": "bin/tsc",
        "tsserver": "bin/tsserver"
      },
      "engines": {
        "node": ">=14.17"
      }
    },
    "node_modules/undefsafe": {
      "version": "2.0.5",
      "dev": true,
      "license": "MIT"
    },
    "node_modules/undici-types": {
      "version": "6.21.0",
      "dev": true,
      "license": "MIT",
      "optional": true,
      "peer": true
    },
    "node_modules/uuid": {
      "version": "9.0.1",
      "funding": [
        "https://github.com/sponsors/broofa",
        "https://github.com/sponsors/ctavan"
      ],
      "license": "MIT",
      "bin": {
        "uuid": "dist/bin/uuid"
      }
    },
    "node_modules/vite": {
      "version": "6.3.3",
      "dev": true,
      "license": "MIT",
      "dependencies": {
        "esbuild": "^0.25.0",
        "fdir": "^6.4.4",
        "picomatch": "^4.0.2",
        "postcss": "^8.5.3",
        "rollup": "^4.34.9",
        "tinyglobby": "^0.2.13"
      },
      "bin": {
        "vite": "bin/vite.js"
      },
      "engines": {
        "node": "^18.0.0 || ^20.0.0 || >=22.0.0"
      },
      "funding": {
        "url": "https://github.com/vitejs/vite?sponsor=1"
      },
      "optionalDependencies": {
        "fsevents": "~2.3.3"
      },
      "peerDependencies": {
        "@types/node": "^18.0.0 || ^20.0.0 || >=22.0.0",
        "jiti": ">=1.21.0",
        "less": "*",
        "lightningcss": "^1.21.0",
        "sass": "*",
        "sass-embedded": "*",
        "stylus": "*",
        "sugarss": "*",
        "terser": "^5.16.0",
        "tsx": "^4.8.1",
        "yaml": "^2.4.2"
      },
      "peerDependenciesMeta": {
        "@types/node": {
          "optional": true
        },
        "jiti": {
          "optional": true
        },
        "less": {
          "optional": true
        },
        "lightningcss": {
          "optional": true
        },
        "sass": {
          "optional": true
        },
        "sass-embedded": {
          "optional": true
        },
        "stylus": {
          "optional": true
        },
        "sugarss": {
          "optional": true
        },
        "terser": {
          "optional": true
        },
        "tsx": {
          "optional": true
        },
        "yaml": {
          "optional": true
        }
      }
    },
    "node_modules/vite-plugin-top-level-await": {
      "version": "1.5.0",
      "dev": true,
      "license": "MIT",
      "dependencies": {
        "@rollup/plugin-virtual": "^3.0.2",
        "@swc/core": "^1.10.16",
        "uuid": "^10.0.0"
      },
      "peerDependencies": {
        "vite": ">=2.8"
      }
    },
    "node_modules/vite-plugin-top-level-await/node_modules/uuid": {
      "version": "10.0.0",
      "dev": true,
      "funding": [
        "https://github.com/sponsors/broofa",
        "https://github.com/sponsors/ctavan"
      ],
      "license": "MIT",
      "bin": {
        "uuid": "dist/bin/uuid"
      }
    },
    "node_modules/vite-plugin-wasm": {
      "version": "3.4.1",
      "dev": true,
      "license": "MIT",
      "peerDependencies": {
        "vite": "^2 || ^3 || ^4 || ^5 || ^6"
      }
    },
    "node_modules/vite-tsconfig-paths": {
      "version": "5.1.4",
      "dev": true,
      "license": "MIT",
      "dependencies": {
        "debug": "^4.1.1",
        "globrex": "^0.1.2",
        "tsconfck": "^3.0.3"
      },
      "peerDependencies": {
        "vite": "*"
      },
      "peerDependenciesMeta": {
        "vite": {
          "optional": true
        }
      }
    },
    "node_modules/ws": {
      "version": "8.18.1",
      "license": "MIT",
      "engines": {
        "node": ">=10.0.0"
      },
      "peerDependencies": {
        "bufferutil": "^4.0.1",
        "utf-8-validate": ">=5.0.2"
      },
      "peerDependenciesMeta": {
        "bufferutil": {
          "optional": true
        },
        "utf-8-validate": {
          "optional": true
        }
      }
    },
    "node_modules/xstate": {
      "version": "5.19.2",
      "license": "MIT",
      "funding": {
        "type": "opencollective",
        "url": "https://opencollective.com/xstate"
      }
    }
  }
}
